
Microsoft Visual Studio Solution File, Format Version 12.00
# Visual Studio 14
VisualStudioVersion = 14.0.25420.1
MinimumVisualStudioVersion = 10.0.40219.1
Project("{FAE04EC0-301F-11D3-BF4B-00C04F79EFBC}") = "DynamicForm", "DynamicForm\DynamicForm.csproj", "{172C526C-D257-4BBF-9887-6E3B6E0BDDFA}"
EndProject
Project("{FAE04EC0-301F-11D3-BF4B-00C04F79EFBC}") = "DynamicForm.Data", "DynamicForm.Data\DynamicForm.Data.csproj", "{B558D364-C738-486F-918E-D510D9301219}"
EndProject
Project("{FAE04EC0-301F-11D3-BF4B-00C04F79EFBC}") = "DynamicForm.BLL", "DynamicForm.BLL\DynamicForm.BLL.csproj", "{1939F0E2-8D14-4F2C-B511-B2CCD4924ABF}"
EndProject
Project("{FAE04EC0-301F-11D3-BF4B-00C04F79EFBC}") = "DynamicForm.DTO", "DynamicForm.DTO\DynamicForm.DTO.csproj", "{40AA903E-DB45-443C-8A59-E5D3308B1D5D}"
EndProject
Global
	GlobalSection(SolutionConfigurationPlatforms) = preSolution
		Debug|Any CPU = Debug|Any CPU
		Release|Any CPU = Release|Any CPU
	EndGlobalSection
	GlobalSection(ProjectConfigurationPlatforms) = postSolution
		{172C526C-D257-4BBF-9887-6E3B6E0BDDFA}.Debug|Any CPU.ActiveCfg = Debug|Any CPU
		{172C526C-D257-4BBF-9887-6E3B6E0BDDFA}.Debug|Any CPU.Build.0 = Debug|Any CPU
		{172C526C-D257-4BBF-9887-6E3B6E0BDDFA}.Release|Any CPU.ActiveCfg = Release|Any CPU
		{172C526C-D257-4BBF-9887-6E3B6E0BDDFA}.Release|Any CPU.Build.0 = Release|Any CPU
		{B558D364-C738-486F-918E-D510D9301219}.Debug|Any CPU.ActiveCfg = Debug|Any CPU
		{B558D364-C738-486F-918E-D510D9301219}.Debug|Any CPU.Build.0 = Debug|Any CPU
		{B558D364-C738-486F-918E-D510D9301219}.Release|Any CPU.ActiveCfg = Release|Any CPU
		{B558D364-C738-486F-918E-D510D9301219}.Release|Any CPU.Build.0 = Release|Any CPU
		{1939F0E2-8D14-4F2C-B511-B2CCD4924ABF}.Debug|Any CPU.ActiveCfg = Debug|Any CPU
		{1939F0E2-8D14-4F2C-B511-B2CCD4924ABF}.Debug|Any CPU.Build.0 = Debug|Any CPU
		{1939F0E2-8D14-4F2C-B511-B2CCD4924ABF}.Release|Any CPU.ActiveCfg = Release|Any CPU
		{1939F0E2-8D14-4F2C-B511-B2CCD4924ABF}.Release|Any CPU.Build.0 = Release|Any CPU
		{40AA903E-DB45-443C-8A59-E5D3308B1D5D}.Debug|Any CPU.ActiveCfg = Debug|Any CPU
		{40AA903E-DB45-443C-8A59-E5D3308B1D5D}.Debug|Any CPU.Build.0 = Debug|Any CPU
		{40AA903E-DB45-443C-8A59-E5D3308B1D5D}.Release|Any CPU.ActiveCfg = Release|Any CPU
		{40AA903E-DB45-443C-8A59-E5D3308B1D5D}.Release|Any CPU.Build.0 = Release|Any CPU
	EndGlobalSection
	GlobalSection(SolutionProperties) = preSolution
		HideSolutionNode = FALSE
	EndGlobalSection
EndGlobal
